
Microsoft Visual Studio Solution File, Format Version 12.00
# Visual Studio 15
VisualStudioVersion = 15.0.27703.2042
MinimumVisualStudioVersion = 10.0.40219.1
Project("{9A19103F-16F7-4668-BE54-9A1E7A4F7556}") = "toDoList.Api", "toDoList.Api\toDoList.Api.csproj", "{54513E4E-7C42-4354-9794-43083AB9ABAB}"
EndProject
Project("{FAE04EC0-301F-11D3-BF4B-00C04F79EFBC}") = "toDoList.UnitTests", "toDoList.UnitTests\toDoList.UnitTests.csproj", "{3EBF0C56-6E59-43E5-8FB6-E7969DAC8DCE}"
EndProject
Global
	GlobalSection(SolutionConfigurationPlatforms) = preSolution
		Debug|Any CPU = Debug|Any CPU
		Release|Any CPU = Release|Any CPU
	EndGlobalSection
	GlobalSection(ProjectConfigurationPlatforms) = postSolution
		{54513E4E-7C42-4354-9794-43083AB9ABAB}.Debug|Any CPU.ActiveCfg = Debug|Any CPU
		{54513E4E-7C42-4354-9794-43083AB9ABAB}.Debug|Any CPU.Build.0 = Debug|Any CPU
		{54513E4E-7C42-4354-9794-43083AB9ABAB}.Release|Any CPU.ActiveCfg = Release|Any CPU
		{54513E4E-7C42-4354-9794-43083AB9ABAB}.Release|Any CPU.Build.0 = Release|Any CPU
		{3EBF0C56-6E59-43E5-8FB6-E7969DAC8DCE}.Debug|Any CPU.ActiveCfg = Debug|Any CPU
		{3EBF0C56-6E59-43E5-8FB6-E7969DAC8DCE}.Debug|Any CPU.Build.0 = Debug|Any CPU
		{3EBF0C56-6E59-43E5-8FB6-E7969DAC8DCE}.Release|Any CPU.ActiveCfg = Release|Any CPU
		{3EBF0C56-6E59-43E5-8FB6-E7969DAC8DCE}.Release|Any CPU.Build.0 = Release|Any CPU
	EndGlobalSection
	GlobalSection(SolutionProperties) = preSolution
		HideSolutionNode = FALSE
	EndGlobalSection
	GlobalSection(ExtensibilityGlobals) = postSolution
		SolutionGuid = {07BADE40-B26C-4C19-9E59-B78EB06C8AA3}
	EndGlobalSection
EndGlobal
